// !$*UTF8*$!
{
	archiveVersion = 1;
	classes = {
	};
	objectVersion = 46;
	objects = {

/* Begin PBXBuildFile section */
		C117844D1AADA513005A5C71 /* IBTHorizontalTableViewCell.m in Sources */ = {isa = PBXBuildFile; fileRef = C117844C1AADA513005A5C71 /* IBTHorizontalTableViewCell.m */; };
		C117844E1AADA513005A5C71 /* IBTHorizontalTableViewCell.m in Sources */ = {isa = PBXBuildFile; fileRef = C117844C1AADA513005A5C71 /* IBTHorizontalTableViewCell.m */; };
		C150D2B81AAD8DD60059F8BD /* main.m in Sources */ = {isa = PBXBuildFile; fileRef = C150D2B71AAD8DD60059F8BD /* main.m */; };
		C150D2BB1AAD8DD60059F8BD /* AppDelegate.m in Sources */ = {isa = PBXBuildFile; fileRef = C150D2BA1AAD8DD60059F8BD /* AppDelegate.m */; };
		C150D2BE1AAD8DD60059F8BD /* ViewController.m in Sources */ = {isa = PBXBuildFile; fileRef = C150D2BD1AAD8DD60059F8BD /* ViewController.m */; };
		C150D2C31AAD8DD60059F8BD /* Images.xcassets in Resources */ = {isa = PBXBuildFile; fileRef = C150D2C21AAD8DD60059F8BD /* Images.xcassets */; };
		C150D2C61AAD8DD60059F8BD /* LaunchScreen.xib in Resources */ = {isa = PBXBuildFile; fileRef = C150D2C41AAD8DD60059F8BD /* LaunchScreen.xib */; };
		C150D2D21AAD8DD60059F8BD /* IBTHorizontalTableViewTests.m in Sources */ = {isa = PBXBuildFile; fileRef = C150D2D11AAD8DD60059F8BD /* IBTHorizontalTableViewTests.m */; };
		C150D2DE1AAD92790059F8BD /* IBTHorizontalTableView.m in Sources */ = {isa = PBXBuildFile; fileRef = C150D2DD1AAD92790059F8BD /* IBTHorizontalTableView.m */; };
		C150D2DF1AAD92790059F8BD /* IBTHorizontalTableView.m in Sources */ = {isa = PBXBuildFile; fileRef = C150D2DD1AAD92790059F8BD /* IBTHorizontalTableView.m */; };
/* End PBXBuildFile section */

/* Begin PBXContainerItemProxy section */
		C150D2CC1AAD8DD60059F8BD /* PBXContainerItemProxy */ = {
			isa = PBXContainerItemProxy;
			containerPortal = C150D2AA1AAD8DD60059F8BD /* Project object */;
			proxyType = 1;
			remoteGlobalIDString = C150D2B11AAD8DD60059F8BD;
			remoteInfo = IBTHorizontalTableView;
		};
/* End PBXContainerItemProxy section */

/* Begin PBXFileReference section */
		C117844B1AADA513005A5C71 /* IBTHorizontalTableViewCell.h */ = {isa = PBXFileReference; fileEncoding = 4; lastKnownFileType = sourcecode.c.h; path = IBTHorizontalTableViewCell.h; sourceTree = "<group>"; };
		C117844C1AADA513005A5C71 /* IBTHorizontalTableViewCell.m */ = {isa = PBXFileReference; fileEncoding = 4; lastKnownFileType = sourcecode.c.objc; path = IBTHorizontalTableViewCell.m; sourceTree = "<group>"; };
		C150D2B21AAD8DD60059F8BD /* IBTHorizontalTableView.app */ = {isa = PBXFileReference; explicitFileType = wrapper.application; includeInIndex = 0; path = IBTHorizontalTableView.app; sourceTree = BUILT_PRODUCTS_DIR; };
		C150D2B61AAD8DD60059F8BD /* Info.plist */ = {isa = PBXFileReference; lastKnownFileType = text.plist.xml; path = Info.plist; sourceTree = "<group>"; };
		C150D2B71AAD8DD60059F8BD /* main.m */ = {isa = PBXFileReference; lastKnownFileType = sourcecode.c.objc; path = main.m; sourceTree = "<group>"; };
		C150D2B91AAD8DD60059F8BD /* AppDelegate.h */ = {isa = PBXFileReference; lastKnownFileType = sourcecode.c.h; path = AppDelegate.h; sourceTree = "<group>"; };
		C150D2BA1AAD8DD60059F8BD /* AppDelegate.m */ = {isa = PBXFileReference; lastKnownFileType = sourcecode.c.objc; path = AppDelegate.m; sourceTree = "<group>"; };
		C150D2BC1AAD8DD60059F8BD /* ViewController.h */ = {isa = PBXFileReference; lastKnownFileType = sourcecode.c.h; path = ViewController.h; sourceTree = "<group>"; };
		C150D2BD1AAD8DD60059F8BD /* ViewController.m */ = {isa = PBXFileReference; lastKnownFileType = sourcecode.c.objc; path = ViewController.m; sourceTree = "<group>"; };
		C150D2C21AAD8DD60059F8BD /* Images.xcassets */ = {isa = PBXFileReference; lastKnownFileType = folder.assetcatalog; path = Images.xcassets; sourceTree = "<group>"; };
		C150D2C51AAD8DD60059F8BD /* Base */ = {isa = PBXFileReference; lastKnownFileType = file.xib; name = Base; path = Base.lproj/LaunchScreen.xib; sourceTree = "<group>"; };
		C150D2CB1AAD8DD60059F8BD /* IBTHorizontalTableViewTests.xctest */ = {isa = PBXFileReference; explicitFileType = wrapper.cfbundle; includeInIndex = 0; path = IBTHorizontalTableViewTests.xctest; sourceTree = BUILT_PRODUCTS_DIR; };
		C150D2D01AAD8DD60059F8BD /* Info.plist */ = {isa = PBXFileReference; lastKnownFileType = text.plist.xml; path = Info.plist; sourceTree = "<group>"; };
		C150D2D11AAD8DD60059F8BD /* IBTHorizontalTableViewTests.m */ = {isa = PBXFileReference; lastKnownFileType = sourcecode.c.objc; path = IBTHorizontalTableViewTests.m; sourceTree = "<group>"; };
		C150D2DC1AAD92790059F8BD /* IBTHorizontalTableView.h */ = {isa = PBXFileReference; fileEncoding = 4; lastKnownFileType = sourcecode.c.h; path = IBTHorizontalTableView.h; sourceTree = "<group>"; };
		C150D2DD1AAD92790059F8BD /* IBTHorizontalTableView.m */ = {isa = PBXFileReference; fileEncoding = 4; lastKnownFileType = sourcecode.c.objc; path = IBTHorizontalTableView.m; sourceTree = "<group>"; };
		C150D2E41AAD99D40059F8BD /* IBTHorizontalTableViewDataSource.h */ = {isa = PBXFileReference; fileEncoding = 4; lastKnownFileType = sourcecode.c.h; path = IBTHorizontalTableViewDataSource.h; sourceTree = "<group>"; };
		C150D2E51AAD9AB80059F8BD /* IBTHorizontalTableViewDelegate.h */ = {isa = PBXFileReference; fileEncoding = 4; lastKnownFileType = sourcecode.c.h; path = IBTHorizontalTableViewDelegate.h; sourceTree = "<group>"; };
/* End PBXFileReference section */

/* Begin PBXFrameworksBuildPhase section */
		C150D2AF1AAD8DD60059F8BD /* Frameworks */ = {
			isa = PBXFrameworksBuildPhase;
			buildActionMask = 2147483647;
			files = (
			);
			runOnlyForDeploymentPostprocessing = 0;
		};
		C150D2C81AAD8DD60059F8BD /* Frameworks */ = {
			isa = PBXFrameworksBuildPhase;
			buildActionMask = 2147483647;
			files = (
			);
			runOnlyForDeploymentPostprocessing = 0;
		};
/* End PBXFrameworksBuildPhase section */

/* Begin PBXGroup section */
		C150D2A91AAD8DD60059F8BD = {
			isa = PBXGroup;
			children = (
				C150D2B41AAD8DD60059F8BD /* IBTHorizontalTableView */,
				C150D2CE1AAD8DD60059F8BD /* IBTHorizontalTableViewTests */,
				C150D2B31AAD8DD60059F8BD /* Products */,
			);
			sourceTree = "<group>";
		};
		C150D2B31AAD8DD60059F8BD /* Products */ = {
			isa = PBXGroup;
			children = (
				C150D2B21AAD8DD60059F8BD /* IBTHorizontalTableView.app */,
				C150D2CB1AAD8DD60059F8BD /* IBTHorizontalTableViewTests.xctest */,
			);
			name = Products;
			sourceTree = "<group>";
		};
		C150D2B41AAD8DD60059F8BD /* IBTHorizontalTableView */ = {
			isa = PBXGroup;
			children = (
				C150D2DB1AAD923C0059F8BD /* HorizontalTableView */,
				C150D2B91AAD8DD60059F8BD /* AppDelegate.h */,
				C150D2BA1AAD8DD60059F8BD /* AppDelegate.m */,
				C150D2BC1AAD8DD60059F8BD /* ViewController.h */,
				C150D2BD1AAD8DD60059F8BD /* ViewController.m */,
				C150D2C21AAD8DD60059F8BD /* Images.xcassets */,
				C150D2C41AAD8DD60059F8BD /* LaunchScreen.xib */,
				C150D2B51AAD8DD60059F8BD /* Supporting Files */,
			);
			path = IBTHorizontalTableView;
			sourceTree = "<group>";
		};
		C150D2B51AAD8DD60059F8BD /* Supporting Files */ = {
			isa = PBXGroup;
			children = (
				C150D2B61AAD8DD60059F8BD /* Info.plist */,
				C150D2B71AAD8DD60059F8BD /* main.m */,
			);
			name = "Supporting Files";
			sourceTree = "<group>";
		};
		C150D2CE1AAD8DD60059F8BD /* IBTHorizontalTableViewTests */ = {
			isa = PBXGroup;
			children = (
				C150D2D11AAD8DD60059F8BD /* IBTHorizontalTableViewTests.m */,
				C150D2CF1AAD8DD60059F8BD /* Supporting Files */,
			);
			path = IBTHorizontalTableViewTests;
			sourceTree = "<group>";
		};
		C150D2CF1AAD8DD60059F8BD /* Supporting Files */ = {
			isa = PBXGroup;
			children = (
				C150D2D01AAD8DD60059F8BD /* Info.plist */,
			);
			name = "Supporting Files";
			sourceTree = "<group>";
		};
		C150D2DB1AAD923C0059F8BD /* HorizontalTableView */ = {
			isa = PBXGroup;
			children = (
				C150D2DC1AAD92790059F8BD /* IBTHorizontalTableView.h */,
				C150D2DD1AAD92790059F8BD /* IBTHorizontalTableView.m */,
				C150D2E41AAD99D40059F8BD /* IBTHorizontalTableViewDataSource.h */,
				C150D2E51AAD9AB80059F8BD /* IBTHorizontalTableViewDelegate.h */,
				C117844B1AADA513005A5C71 /* IBTHorizontalTableViewCell.h */,
				C117844C1AADA513005A5C71 /* IBTHorizontalTableViewCell.m */,
			);
			path = HorizontalTableView;
			sourceTree = "<group>";
		};
/* End PBXGroup section */

/* Begin PBXNativeTarget section */
		C150D2B11AAD8DD60059F8BD /* IBTHorizontalTableView */ = {
			isa = PBXNativeTarget;
			buildConfigurationList = C150D2D51AAD8DD60059F8BD /* Build configuration list for PBXNativeTarget "IBTHorizontalTableView" */;
			buildPhases = (
				C150D2AE1AAD8DD60059F8BD /* Sources */,
				C150D2AF1AAD8DD60059F8BD /* Frameworks */,
				C150D2B01AAD8DD60059F8BD /* Resources */,
			);
			buildRules = (
			);
			dependencies = (
			);
			name = IBTHorizontalTableView;
			productName = IBTHorizontalTableView;
			productReference = C150D2B21AAD8DD60059F8BD /* IBTHorizontalTableView.app */;
			productType = "com.apple.product-type.application";
		};
		C150D2CA1AAD8DD60059F8BD /* IBTHorizontalTableViewTests */ = {
			isa = PBXNativeTarget;
			buildConfigurationList = C150D2D81AAD8DD60059F8BD /* Build configuration list for PBXNativeTarget "IBTHorizontalTableViewTests" */;
			buildPhases = (
				C150D2C71AAD8DD60059F8BD /* Sources */,
				C150D2C81AAD8DD60059F8BD /* Frameworks */,
				C150D2C91AAD8DD60059F8BD /* Resources */,
			);
			buildRules = (
			);
			dependencies = (
				C150D2CD1AAD8DD60059F8BD /* PBXTargetDependency */,
			);
			name = IBTHorizontalTableViewTests;
			productName = IBTHorizontalTableViewTests;
			productReference = C150D2CB1AAD8DD60059F8BD /* IBTHorizontalTableViewTests.xctest */;
			productType = "com.apple.product-type.bundle.unit-test";
		};
/* End PBXNativeTarget section */

/* Begin PBXProject section */
		C150D2AA1AAD8DD60059F8BD /* Project object */ = {
			isa = PBXProject;
			attributes = {
				LastUpgradeCheck = 0610;
				ORGANIZATIONNAME = Xummer;
				TargetAttributes = {
					C150D2B11AAD8DD60059F8BD = {
						CreatedOnToolsVersion = 6.1.1;
					};
					C150D2CA1AAD8DD60059F8BD = {
						CreatedOnToolsVersion = 6.1.1;
						TestTargetID = C150D2B11AAD8DD60059F8BD;
					};
				};
			};
			buildConfigurationList = C150D2AD1AAD8DD60059F8BD /* Build configuration list for PBXProject "IBTHorizontalTableView" */;
			compatibilityVersion = "Xcode 3.2";
			developmentRegion = English;
			hasScannedForEncodings = 0;
			knownRegions = (
				en,
				Base,
			);
			mainGroup = C150D2A91AAD8DD60059F8BD;
			productRefGroup = C150D2B31AAD8DD60059F8BD /* Products */;
			projectDirPath = "";
			projectRoot = "";
			targets = (
				C150D2B11AAD8DD60059F8BD /* IBTHorizontalTableView */,
				C150D2CA1AAD8DD60059F8BD /* IBTHorizontalTableViewTests */,
			);
		};
/* End PBXProject section */

/* Begin PBXResourcesBuildPhase section */
		C150D2B01AAD8DD60059F8BD /* Resources */ = {
			isa = PBXResourcesBuildPhase;
			buildActionMask = 2147483647;
			files = (
				C150D2C61AAD8DD60059F8BD /* LaunchScreen.xib in Resources */,
				C150D2C31AAD8DD60059F8BD /* Images.xcassets in Resources */,
			);
			runOnlyForDeploymentPostprocessing = 0;
		};
		C150D2C91AAD8DD60059F8BD /* Resources */ = {
			isa = PBXResourcesBuildPhase;
			buildActionMask = 2147483647;
			files = (
			);
			runOnlyForDeploymentPostprocessing = 0;
		};
/* End PBXResourcesBuildPhase section */

/* Begin PBXSourcesBuildPhase section */
		C150D2AE1AAD8DD60059F8BD /* Sources */ = {
			isa = PBXSourcesBuildPhase;
			buildActionMask = 2147483647;
			files = (
				C150D2BE1AAD8DD60059F8BD /* ViewController.m in Sources */,
				C117844D1AADA513005A5C71 /* IBTHorizontalTableViewCell.m in Sources */,
				C150D2BB1AAD8DD60059F8BD /* AppDelegate.m in Sources */,
				C150D2B81AAD8DD60059F8BD /* main.m in Sources */,
				C150D2DE1AAD92790059F8BD /* IBTHorizontalTableView.m in Sources */,
			);
			runOnlyForDeploymentPostprocessing = 0;
		};
		C150D2C71AAD8DD60059F8BD /* Sources */ = {
			isa = PBXSourcesBuildPhase;
			buildActionMask = 2147483647;
			files = (
				C117844E1AADA513005A5C71 /* IBTHorizontalTableViewCell.m in Sources */,
				C150D2D21AAD8DD60059F8BD /* IBTHorizontalTableViewTests.m in Sources */,
				C150D2DF1AAD92790059F8BD /* IBTHorizontalTableView.m in Sources */,
			);
			runOnlyForDeploymentPostprocessing = 0;
		};
/* End PBXSourcesBuildPhase section */

/* Begin PBXTargetDependency section */
		C150D2CD1AAD8DD60059F8BD /* PBXTargetDependency */ = {
			isa = PBXTargetDependency;
			target = C150D2B11AAD8DD60059F8BD /* IBTHorizontalTableView */;
			targetProxy = C150D2CC1AAD8DD60059F8BD /* PBXContainerItemProxy */;
		};
/* End PBXTargetDependency section */

/* Begin PBXVariantGroup section */
		C150D2C41AAD8DD60059F8BD /* LaunchScreen.xib */ = {
			isa = PBXVariantGroup;
			children = (
				C150D2C51AAD8DD60059F8BD /* Base */,
			);
			name = LaunchScreen.xib;
			sourceTree = "<group>";
		};
/* End PBXVariantGroup section */

/* Begin XCBuildConfiguration section */
		C150D2D31AAD8DD60059F8BD /* Debug */ = {
			isa = XCBuildConfiguration;
			buildSettings = {
				ALWAYS_SEARCH_USER_PATHS = NO;
				CLANG_CXX_LANGUAGE_STANDARD = "gnu++0x";
				CLANG_CXX_LIBRARY = "libc++";
				CLANG_ENABLE_MODULES = YES;
				CLANG_ENABLE_OBJC_ARC = YES;
				CLANG_WARN_BOOL_CONVERSION = YES;
				CLANG_WARN_CONSTANT_CONVERSION = YES;
				CLANG_WARN_DIRECT_OBJC_ISA_USAGE = YES_ERROR;
				CLANG_WARN_EMPTY_BODY = YES;
				CLANG_WARN_ENUM_CONVERSION = YES;
				CLANG_WARN_INT_CONVERSION = YES;
				CLANG_WARN_OBJC_ROOT_CLASS = YES_ERROR;
				CLANG_WARN_UNREACHABLE_CODE = YES;
				CLANG_WARN__DUPLICATE_METHOD_MATCH = YES;
				"CODE_SIGN_IDENTITY[sdk=iphoneos*]" = "iPhone Developer";
				COPY_PHASE_STRIP = NO;
				ENABLE_STRICT_OBJC_MSGSEND = YES;
				GCC_C_LANGUAGE_STANDARD = gnu99;
				GCC_DYNAMIC_NO_PIC = NO;
				GCC_OPTIMIZATION_LEVEL = 0;
				GCC_PREPROCESSOR_DEFINITIONS = (
					"DEBUG=1",
					"$(inherited)",
				);
				GCC_SYMBOLS_PRIVATE_EXTERN = NO;
				GCC_WARN_64_TO_32_BIT_CONVERSION = YES;
				GCC_WARN_ABOUT_RETURN_TYPE = YES_ERROR;
				GCC_WARN_UNDECLARED_SELECTOR = YES;
				GCC_WARN_UNINITIALIZED_AUTOS = YES_AGGRESSIVE;
				GCC_WARN_UNUSED_FUNCTION = YES;
				GCC_WARN_UNUSED_VARIABLE = YES;
				IPHONEOS_DEPLOYMENT_TARGET = 8.1;
				MTL_ENABLE_DEBUG_INFO = YES;
				ONLY_ACTIVE_ARCH = YES;
				SDKROOT = iphoneos;
				TARGETED_DEVICE_FAMILY = "1,2";
			};
			name = Debug;
		};
		C150D2D41AAD8DD60059F8BD /* Release */ = {
			isa = XCBuildConfiguration;
			buildSettings = {
				ALWAYS_SEARCH_USER_PATHS = NO;
				CLANG_CXX_LANGUAGE_STANDARD = "gnu++0x";
				CLANG_CXX_LIBRARY = "libc++";
				CLANG_ENABLE_MODULES = YES;
				CLANG_ENABLE_OBJC_ARC = YES;
				CLANG_WARN_BOOL_CONVERSION = YES;
				CLANG_WARN_CONSTANT_CONVERSION = YES;
				CLANG_WARN_DIRECT_OBJC_ISA_USAGE = YES_ERROR;
				CLANG_WARN_EMPTY_BODY = YES;
				CLANG_WARN_ENUM_CONVERSION = YES;
				CLANG_WARN_INT_CONVERSION = YES;
				CLANG_WARN_OBJC_ROOT_CLASS = YES_ERROR;
				CLANG_WARN_UNREACHABLE_CODE = YES;
				CLANG_WARN__DUPLICATE_METHOD_MATCH = YES;
				"CODE_SIGN_IDENTITY[sdk=iphoneos*]" = "iPhone Developer";
				COPY_PHASE_STRIP = YES;
				ENABLE_NS_ASSERTIONS = NO;
				ENABLE_STRICT_OBJC_MSGSEND = YES;
				GCC_C_LANGUAGE_STANDARD = gnu99;
				GCC_WARN_64_TO_32_BIT_CONVERSION = YES;
				GCC_WARN_ABOUT_RETURN_TYPE = YES_ERROR;
				GCC_WARN_UNDECLARED_SELECTOR = YES;
				GCC_WARN_UNINITIALIZED_AUTOS = YES_AGGRESSIVE;
				GCC_WARN_UNUSED_FUNCTION = YES;
				GCC_WARN_UNUSED_VARIABLE = YES;
				IPHONEOS_DEPLOYMENT_TARGET = 8.1;
				MTL_ENABLE_DEBUG_INFO = NO;
				SDKROOT = iphoneos;
				TARGETED_DEVICE_FAMILY = "1,2";
				VALIDATE_PRODUCT = YES;
			};
			name = Release;
		};
		C150D2D61AAD8DD60059F8BD /* Debug */ = {
			isa = XCBuildConfiguration;
			buildSettings = {
				ASSETCATALOG_COMPILER_APPICON_NAME = AppIcon;
				INFOPLIST_FILE = IBTHorizontalTableView/Info.plist;
				LD_RUNPATH_SEARCH_PATHS = "$(inherited) @executable_path/Frameworks";
				PRODUCT_NAME = "$(TARGET_NAME)";
			};
			name = Debug;
		};
		C150D2D71AAD8DD60059F8BD /* Release */ = {
			isa = XCBuildConfiguration;
			buildSettings = {
				ASSETCATALOG_COMPILER_APPICON_NAME = AppIcon;
				INFOPLIST_FILE = IBTHorizontalTableView/Info.plist;
				LD_RUNPATH_SEARCH_PATHS = "$(inherited) @executable_path/Frameworks";
				PRODUCT_NAME = "$(TARGET_NAME)";
			};
			name = Release;
		};
		C150D2D91AAD8DD60059F8BD /* Debug */ = {
			isa = XCBuildConfiguration;
			buildSettings = {
				BUNDLE_LOADER = "$(TEST_HOST)";
				FRAMEWORK_SEARCH_PATHS = (
					"$(SDKROOT)/Developer/Library/Frameworks",
					"$(inherited)",
				);
				GCC_PREPROCESSOR_DEFINITIONS = (
					"DEBUG=1",
					"$(inherited)",
				);
				INFOPLIST_FILE = IBTHorizontalTableViewTests/Info.plist;
				LD_RUNPATH_SEARCH_PATHS = "$(inherited) @executable_path/Frameworks @loader_path/Frameworks";
				PRODUCT_NAME = "$(TARGET_NAME)";
				TEST_HOST = "$(BUILT_PRODUCTS_DIR)/IBTHorizontalTableView.app/IBTHorizontalTableView";
			};
			name = Debug;
		};
		C150D2DA1AAD8DD60059F8BD /* Release */ = {
			isa = XCBuildConfiguration;
			buildSettings = {
				BUNDLE_LOADER = "$(TEST_HOST)";
				FRAMEWORK_SEARCH_PATHS = (
					"$(SDKROOT)/Developer/Library/Frameworks",
					"$(inherited)",
				);
				INFOPLIST_FILE = IBTHorizontalTableViewTests/Info.plist;
				LD_RUNPATH_SEARCH_PATHS = "$(inherited) @executable_path/Frameworks @loader_path/Frameworks";
				PRODUCT_NAME = "$(TARGET_NAME)";
				TEST_HOST = "$(BUILT_PRODUCTS_DIR)/IBTHorizontalTableView.app/IBTHorizontalTableView";
			};
			name = Release;
		};
/* End XCBuildConfiguration section */

/* Begin XCConfigurationList section */
		C150D2AD1AAD8DD60059F8BD /* Build configuration list for PBXProject "IBTHorizontalTableView" */ = {
			isa = XCConfigurationList;
			buildConfigurations = (
				C150D2D31AAD8DD60059F8BD /* Debug */,
				C150D2D41AAD8DD60059F8BD /* Release */,
			);
			defaultConfigurationIsVisible = 0;
			defaultConfigurationName = Release;
		};
		C150D2D51AAD8DD60059F8BD /* Build configuration list for PBXNativeTarget "IBTHorizontalTableView" */ = {
			isa = XCConfigurationList;
			buildConfigurations = (
				C150D2D61AAD8DD60059F8BD /* Debug */,
				C150D2D71AAD8DD60059F8BD /* Release */,
			);
			defaultConfigurationIsVisible = 0;
			defaultConfigurationName = Release;
		};
		C150D2D81AAD8DD60059F8BD /* Build configuration list for PBXNativeTarget "IBTHorizontalTableViewTests" */ = {
			isa = XCConfigurationList;
			buildConfigurations = (
				C150D2D91AAD8DD60059F8BD /* Debug */,
				C150D2DA1AAD8DD60059F8BD /* Release */,
			);
			defaultConfigurationIsVisible = 0;
			defaultConfigurationName = Release;
		};
/* End XCConfigurationList section */
	};
	rootObject = C150D2AA1AAD8DD60059F8BD /* Project object */;
}
